
Microsoft Visual Studio Solution File, Format Version 12.00
# Visual Studio Version 16
VisualStudioVersion = 16.0.30804.86
MinimumVisualStudioVersion = 10.0.40219.1
Project("{8BC9CEB8-8B4A-11D0-8D11-00A0C91BC942}") = "Лабораторная работа № 8 задание 2", "Лабораторная работа № 8 задание 2\Лабораторная работа № 8 задание 2.vcxproj", "{86632E87-D324-4753-8B18-8F8A3669A1EF}"
EndProject
Global
	GlobalSection(SolutionConfigurationPlatforms) = preSolution
		Debug|x64 = Debug|x64
		Debug|x86 = Debug|x86
		Release|x64 = Release|x64
		Release|x86 = Release|x86
	EndGlobalSection
	GlobalSection(ProjectConfigurationPlatforms) = postSolution
		{86632E87-D324-4753-8B18-8F8A3669A1EF}.Debug|x64.ActiveCfg = Debug|x64
		{86632E87-D324-4753-8B18-8F8A3669A1EF}.Debug|x64.Build.0 = Debug|x64
		{86632E87-D324-4753-8B18-8F8A3669A1EF}.Debug|x86.ActiveCfg = Debug|Win32
		{86632E87-D324-4753-8B18-8F8A3669A1EF}.Debug|x86.Build.0 = Debug|Win32
		{86632E87-D324-4753-8B18-8F8A3669A1EF}.Release|x64.ActiveCfg = Release|x64
		{86632E87-D324-4753-8B18-8F8A3669A1EF}.Release|x64.Build.0 = Release|x64
		{86632E87-D324-4753-8B18-8F8A3669A1EF}.Release|x86.ActiveCfg = Release|Win32
		{86632E87-D324-4753-8B18-8F8A3669A1EF}.Release|x86.Build.0 = Release|Win32
	EndGlobalSection
	GlobalSection(SolutionProperties) = preSolution
		HideSolutionNode = FALSE
	EndGlobalSection
	GlobalSection(ExtensibilityGlobals) = postSolution
		SolutionGuid = {6C3099B7-1AF8-409C-BAAC-9B2D84D86B11}
	EndGlobalSection
EndGlobal
